// !$*UTF8*$!
{
	archiveVersion = 1;
	classes = {
	};
	objectVersion = 56;
	objects = {

/* Begin PBXBuildFile section */
		48100C682A71FFEC00DB8CE7 /* AppDelegate.swift in Sources */ = {isa = PBXBuildFile; fileRef = 48100C672A71FFEC00DB8CE7 /* AppDelegate.swift */; };
		48100C6A2A71FFEC00DB8CE7 /* SceneDelegate.swift in Sources */ = {isa = PBXBuildFile; fileRef = 48100C692A71FFEC00DB8CE7 /* SceneDelegate.swift */; };
		48100C6C2A71FFEC00DB8CE7 /* ViewController.swift in Sources */ = {isa = PBXBuildFile; fileRef = 48100C6B2A71FFEC00DB8CE7 /* ViewController.swift */; };
		48100C6F2A71FFEC00DB8CE7 /* Main.storyboard in Resources */ = {isa = PBXBuildFile; fileRef = 48100C6D2A71FFEC00DB8CE7 /* Main.storyboard */; };
		48100C712A71FFEF00DB8CE7 /* Assets.xcassets in Resources */ = {isa = PBXBuildFile; fileRef = 48100C702A71FFEF00DB8CE7 /* Assets.xcassets */; };
		48100C742A71FFEF00DB8CE7 /* LaunchScreen.storyboard in Resources */ = {isa = PBXBuildFile; fileRef = 48100C722A71FFEF00DB8CE7 /* LaunchScreen.storyboard */; };
		48100C7C2A720FEF00DB8CE7 /* TodoTableViewController.swift in Sources */ = {isa = PBXBuildFile; fileRef = 48100C7B2A720FEF00DB8CE7 /* TodoTableViewController.swift */; };
		4879649B2A739C3D00799CD0 /* Movie.storyboard in Resources */ = {isa = PBXBuildFile; fileRef = 4879649A2A739C3D00799CD0 /* Movie.storyboard */; };
		4879649D2A73A1BC00799CD0 /* MovieTableViewCell.swift in Sources */ = {isa = PBXBuildFile; fileRef = 4879649C2A73A1BC00799CD0 /* MovieTableViewCell.swift */; };
		4879649F2A73A20200799CD0 /* MovieTableViewController.swift in Sources */ = {isa = PBXBuildFile; fileRef = 4879649E2A73A20200799CD0 /* MovieTableViewController.swift */; };
		487964A12A73A36B00799CD0 /* MovieInfo.swift in Sources */ = {isa = PBXBuildFile; fileRef = 487964A02A73A36B00799CD0 /* MovieInfo.swift */; };
		487964A32A73A3A600799CD0 /* Movie.swift in Sources */ = {isa = PBXBuildFile; fileRef = 487964A22A73A3A600799CD0 /* Movie.swift */; };
		48BF6E062A7389C80052DF96 /* ToDo.swift in Sources */ = {isa = PBXBuildFile; fileRef = 48BF6E052A7389C80052DF96 /* ToDo.swift */; };
		48BF6E082A738A0A0052DF96 /* ToDoInformation.swift in Sources */ = {isa = PBXBuildFile; fileRef = 48BF6E072A738A0A0052DF96 /* ToDoInformation.swift */; };
		48F8A9E12A7232D500F816BC /* StudyTableViewController.swift in Sources */ = {isa = PBXBuildFile; fileRef = 48F8A9E02A7232D500F816BC /* StudyTableViewController.swift */; };
		48F8A9E32A72497100F816BC /* Extension.swift in Sources */ = {isa = PBXBuildFile; fileRef = 48F8A9E22A72497100F816BC /* Extension.swift */; };
		48F8A9E52A7252A400F816BC /* Setting.storyboard in Resources */ = {isa = PBXBuildFile; fileRef = 48F8A9E42A7252A400F816BC /* Setting.storyboard */; };
		48F8A9E72A725A5E00F816BC /* SettingTableViewController.swift in Sources */ = {isa = PBXBuildFile; fileRef = 48F8A9E62A725A5E00F816BC /* SettingTableViewController.swift */; };
		48F8A9E92A726FB700F816BC /* wishListTableViewController.swift in Sources */ = {isa = PBXBuildFile; fileRef = 48F8A9E82A726FB700F816BC /* wishListTableViewController.swift */; };
		48F8A9EB2A73504600F816BC /* CustomTableViewController.swift in Sources */ = {isa = PBXBuildFile; fileRef = 48F8A9EA2A73504600F816BC /* CustomTableViewController.swift */; };
		48F8A9ED2A73527300F816BC /* CustomTableViewCell.swift in Sources */ = {isa = PBXBuildFile; fileRef = 48F8A9EC2A73527300F816BC /* CustomTableViewCell.swift */; };
/* End PBXBuildFile section */

/* Begin PBXFileReference section */
		48100C642A71FFEC00DB8CE7 /* Week3.app */ = {isa = PBXFileReference; explicitFileType = wrapper.application; includeInIndex = 0; path = Week3.app; sourceTree = BUILT_PRODUCTS_DIR; };
		48100C672A71FFEC00DB8CE7 /* AppDelegate.swift */ = {isa = PBXFileReference; lastKnownFileType = sourcecode.swift; path = AppDelegate.swift; sourceTree = "<group>"; };
		48100C692A71FFEC00DB8CE7 /* SceneDelegate.swift */ = {isa = PBXFileReference; lastKnownFileType = sourcecode.swift; path = SceneDelegate.swift; sourceTree = "<group>"; };
		48100C6B2A71FFEC00DB8CE7 /* ViewController.swift */ = {isa = PBXFileReference; lastKnownFileType = sourcecode.swift; path = ViewController.swift; sourceTree = "<group>"; };
		48100C6E2A71FFEC00DB8CE7 /* Base */ = {isa = PBXFileReference; lastKnownFileType = file.storyboard; name = Base; path = Base.lproj/Main.storyboard; sourceTree = "<group>"; };
		48100C702A71FFEF00DB8CE7 /* Assets.xcassets */ = {isa = PBXFileReference; lastKnownFileType = folder.assetcatalog; path = Assets.xcassets; sourceTree = "<group>"; };
		48100C732A71FFEF00DB8CE7 /* Base */ = {isa = PBXFileReference; lastKnownFileType = file.storyboard; name = Base; path = Base.lproj/LaunchScreen.storyboard; sourceTree = "<group>"; };
		48100C752A71FFEF00DB8CE7 /* Info.plist */ = {isa = PBXFileReference; lastKnownFileType = text.plist.xml; path = Info.plist; sourceTree = "<group>"; };
		48100C7B2A720FEF00DB8CE7 /* TodoTableViewController.swift */ = {isa = PBXFileReference; lastKnownFileType = sourcecode.swift; path = TodoTableViewController.swift; sourceTree = SOURCE_ROOT; };
		4879649A2A739C3D00799CD0 /* Movie.storyboard */ = {isa = PBXFileReference; lastKnownFileType = file.storyboard; path = Movie.storyboard; sourceTree = "<group>"; };
		4879649C2A73A1BC00799CD0 /* MovieTableViewCell.swift */ = {isa = PBXFileReference; lastKnownFileType = sourcecode.swift; path = MovieTableViewCell.swift; sourceTree = "<group>"; };
		4879649E2A73A20200799CD0 /* MovieTableViewController.swift */ = {isa = PBXFileReference; lastKnownFileType = sourcecode.swift; path = MovieTableViewController.swift; sourceTree = "<group>"; };
		487964A02A73A36B00799CD0 /* MovieInfo.swift */ = {isa = PBXFileReference; lastKnownFileType = sourcecode.swift; path = MovieInfo.swift; sourceTree = SOURCE_ROOT; };
		487964A22A73A3A600799CD0 /* Movie.swift */ = {isa = PBXFileReference; lastKnownFileType = sourcecode.swift; path = Movie.swift; sourceTree = "<group>"; };
		48BF6E052A7389C80052DF96 /* ToDo.swift */ = {isa = PBXFileReference; lastKnownFileType = sourcecode.swift; path = ToDo.swift; sourceTree = "<group>"; };
		48BF6E072A738A0A0052DF96 /* ToDoInformation.swift */ = {isa = PBXFileReference; lastKnownFileType = sourcecode.swift; path = ToDoInformation.swift; sourceTree = "<group>"; };
		48F8A9E02A7232D500F816BC /* StudyTableViewController.swift */ = {isa = PBXFileReference; lastKnownFileType = sourcecode.swift; path = StudyTableViewController.swift; sourceTree = SOURCE_ROOT; };
		48F8A9E22A72497100F816BC /* Extension.swift */ = {isa = PBXFileReference; lastKnownFileType = sourcecode.swift; path = Extension.swift; sourceTree = SOURCE_ROOT; };
		48F8A9E42A7252A400F816BC /* Setting.storyboard */ = {isa = PBXFileReference; lastKnownFileType = file.storyboard; path = Setting.storyboard; sourceTree = SOURCE_ROOT; };
		48F8A9E62A725A5E00F816BC /* SettingTableViewController.swift */ = {isa = PBXFileReference; lastKnownFileType = sourcecode.swift; path = SettingTableViewController.swift; sourceTree = SOURCE_ROOT; };
		48F8A9E82A726FB700F816BC /* wishListTableViewController.swift */ = {isa = PBXFileReference; lastKnownFileType = sourcecode.swift; path = wishListTableViewController.swift; sourceTree = SOURCE_ROOT; };
		48F8A9EA2A73504600F816BC /* CustomTableViewController.swift */ = {isa = PBXFileReference; lastKnownFileType = sourcecode.swift; path = CustomTableViewController.swift; sourceTree = SOURCE_ROOT; };
		48F8A9EC2A73527300F816BC /* CustomTableViewCell.swift */ = {isa = PBXFileReference; lastKnownFileType = sourcecode.swift; path = CustomTableViewCell.swift; sourceTree = "<group>"; };
/* End PBXFileReference section */

/* Begin PBXFrameworksBuildPhase section */
		48100C612A71FFEC00DB8CE7 /* Frameworks */ = {
			isa = PBXFrameworksBuildPhase;
			buildActionMask = 2147483647;
			files = (
			);
			runOnlyForDeploymentPostprocessing = 0;
		};
/* End PBXFrameworksBuildPhase section */

/* Begin PBXGroup section */
		48100C5B2A71FFEC00DB8CE7 = {
			isa = PBXGroup;
			children = (
				48100C662A71FFEC00DB8CE7 /* Week3 */,
				48100C652A71FFEC00DB8CE7 /* Products */,
			);
			sourceTree = "<group>";
		};
		48100C652A71FFEC00DB8CE7 /* Products */ = {
			isa = PBXGroup;
			children = (
				48100C642A71FFEC00DB8CE7 /* Week3.app */,
			);
			name = Products;
			sourceTree = "<group>";
		};
		48100C662A71FFEC00DB8CE7 /* Week3 */ = {
			isa = PBXGroup;
			children = (
				487964A02A73A36B00799CD0 /* MovieInfo.swift */,
				487964A22A73A3A600799CD0 /* Movie.swift */,
				48F8A9EA2A73504600F816BC /* CustomTableViewController.swift */,
				48BF6E072A738A0A0052DF96 /* ToDoInformation.swift */,
				48BF6E052A7389C80052DF96 /* ToDo.swift */,
				48F8A9EC2A73527300F816BC /* CustomTableViewCell.swift */,
				48F8A9E82A726FB700F816BC /* wishListTableViewController.swift */,
				48F8A9E62A725A5E00F816BC /* SettingTableViewController.swift */,
				48F8A9E42A7252A400F816BC /* Setting.storyboard */,
				4879649A2A739C3D00799CD0 /* Movie.storyboard */,
				4879649C2A73A1BC00799CD0 /* MovieTableViewCell.swift */,
				4879649E2A73A20200799CD0 /* MovieTableViewController.swift */,
				48F8A9E22A72497100F816BC /* Extension.swift */,
				48F8A9E02A7232D500F816BC /* StudyTableViewController.swift */,
				48100C7B2A720FEF00DB8CE7 /* TodoTableViewController.swift */,
				48100C672A71FFEC00DB8CE7 /* AppDelegate.swift */,
				48100C692A71FFEC00DB8CE7 /* SceneDelegate.swift */,
				48100C6B2A71FFEC00DB8CE7 /* ViewController.swift */,
				48100C6D2A71FFEC00DB8CE7 /* Main.storyboard */,
				48100C702A71FFEF00DB8CE7 /* Assets.xcassets */,
				48100C722A71FFEF00DB8CE7 /* LaunchScreen.storyboard */,
				48100C752A71FFEF00DB8CE7 /* Info.plist */,
			);
			path = Week3;
			sourceTree = "<group>";
		};
/* End PBXGroup section */

/* Begin PBXNativeTarget section */
		48100C632A71FFEC00DB8CE7 /* Week3 */ = {
			isa = PBXNativeTarget;
			buildConfigurationList = 48100C782A71FFEF00DB8CE7 /* Build configuration list for PBXNativeTarget "Week3" */;
			buildPhases = (
				48100C602A71FFEC00DB8CE7 /* Sources */,
				48100C612A71FFEC00DB8CE7 /* Frameworks */,
				48100C622A71FFEC00DB8CE7 /* Resources */,
			);
			buildRules = (
			);
			dependencies = (
			);
			name = Week3;
			productName = Week3;
			productReference = 48100C642A71FFEC00DB8CE7 /* Week3.app */;
			productType = "com.apple.product-type.application";
		};
/* End PBXNativeTarget section */

/* Begin PBXProject section */
		48100C5C2A71FFEC00DB8CE7 /* Project object */ = {
			isa = PBXProject;
			attributes = {
				BuildIndependentTargetsInParallel = 1;
				LastSwiftUpdateCheck = 1420;
				LastUpgradeCheck = 1420;
				TargetAttributes = {
					48100C632A71FFEC00DB8CE7 = {
						CreatedOnToolsVersion = 14.2;
					};
				};
			};
			buildConfigurationList = 48100C5F2A71FFEC00DB8CE7 /* Build configuration list for PBXProject "Week3" */;
			compatibilityVersion = "Xcode 14.0";
			developmentRegion = en;
			hasScannedForEncodings = 0;
			knownRegions = (
				en,
				Base,
			);
			mainGroup = 48100C5B2A71FFEC00DB8CE7;
			productRefGroup = 48100C652A71FFEC00DB8CE7 /* Products */;
			projectDirPath = "";
			projectRoot = "";
			targets = (
				48100C632A71FFEC00DB8CE7 /* Week3 */,
			);
		};
/* End PBXProject section */

/* Begin PBXResourcesBuildPhase section */
		48100C622A71FFEC00DB8CE7 /* Resources */ = {
			isa = PBXResourcesBuildPhase;
			buildActionMask = 2147483647;
			files = (
				4879649B2A739C3D00799CD0 /* Movie.storyboard in Resources */,
				48100C742A71FFEF00DB8CE7 /* LaunchScreen.storyboard in Resources */,
				48100C712A71FFEF00DB8CE7 /* Assets.xcassets in Resources */,
				48100C6F2A71FFEC00DB8CE7 /* Main.storyboard in Resources */,
				48F8A9E52A7252A400F816BC /* Setting.storyboard in Resources */,
			);
			runOnlyForDeploymentPostprocessing = 0;
		};
/* End PBXResourcesBuildPhase section */

/* Begin PBXSourcesBuildPhase section */
		48100C602A71FFEC00DB8CE7 /* Sources */ = {
			isa = PBXSourcesBuildPhase;
			buildActionMask = 2147483647;
			files = (
				48F8A9E72A725A5E00F816BC /* SettingTableViewController.swift in Sources */,
				487964A12A73A36B00799CD0 /* MovieInfo.swift in Sources */,
				48100C6C2A71FFEC00DB8CE7 /* ViewController.swift in Sources */,
				48100C7C2A720FEF00DB8CE7 /* TodoTableViewController.swift in Sources */,
				48BF6E062A7389C80052DF96 /* ToDo.swift in Sources */,
				48BF6E082A738A0A0052DF96 /* ToDoInformation.swift in Sources */,
				487964A32A73A3A600799CD0 /* Movie.swift in Sources */,
				48F8A9E12A7232D500F816BC /* StudyTableViewController.swift in Sources */,
				4879649F2A73A20200799CD0 /* MovieTableViewController.swift in Sources */,
				48F8A9E32A72497100F816BC /* Extension.swift in Sources */,
				48100C682A71FFEC00DB8CE7 /* AppDelegate.swift in Sources */,
				48F8A9ED2A73527300F816BC /* CustomTableViewCell.swift in Sources */,
				48F8A9E92A726FB700F816BC /* wishListTableViewController.swift in Sources */,
				48F8A9EB2A73504600F816BC /* CustomTableViewController.swift in Sources */,
				48100C6A2A71FFEC00DB8CE7 /* SceneDelegate.swift in Sources */,
				4879649D2A73A1BC00799CD0 /* MovieTableViewCell.swift in Sources */,
			);
			runOnlyForDeploymentPostprocessing = 0;
		};
/* End PBXSourcesBuildPhase section */

/* Begin PBXVariantGroup section */
		48100C6D2A71FFEC00DB8CE7 /* Main.storyboard */ = {
			isa = PBXVariantGroup;
			children = (
				48100C6E2A71FFEC00DB8CE7 /* Base */,
			);
			name = Main.storyboard;
			sourceTree = "<group>";
		};
		48100C722A71FFEF00DB8CE7 /* LaunchScreen.storyboard */ = {
			isa = PBXVariantGroup;
			children = (
				48100C732A71FFEF00DB8CE7 /* Base */,
			);
			name = LaunchScreen.storyboard;
			sourceTree = "<group>";
		};
/* End PBXVariantGroup section */

/* Begin XCBuildConfiguration section */
		48100C762A71FFEF00DB8CE7 /* Debug */ = {
			isa = XCBuildConfiguration;
			buildSettings = {
				ALWAYS_SEARCH_USER_PATHS = NO;
				CLANG_ANALYZER_NONNULL = YES;
				CLANG_ANALYZER_NUMBER_OBJECT_CONVERSION = YES_AGGRESSIVE;
				CLANG_CXX_LANGUAGE_STANDARD = "gnu++20";
				CLANG_ENABLE_MODULES = YES;
				CLANG_ENABLE_OBJC_ARC = YES;
				CLANG_ENABLE_OBJC_WEAK = YES;
				CLANG_WARN_BLOCK_CAPTURE_AUTORELEASING = YES;
				CLANG_WARN_BOOL_CONVERSION = YES;
				CLANG_WARN_COMMA = YES;
				CLANG_WARN_CONSTANT_CONVERSION = YES;
				CLANG_WARN_DEPRECATED_OBJC_IMPLEMENTATIONS = YES;
				CLANG_WARN_DIRECT_OBJC_ISA_USAGE = YES_ERROR;
				CLANG_WARN_DOCUMENTATION_COMMENTS = YES;
				CLANG_WARN_EMPTY_BODY = YES;
				CLANG_WARN_ENUM_CONVERSION = YES;
				CLANG_WARN_INFINITE_RECURSION = YES;
				CLANG_WARN_INT_CONVERSION = YES;
				CLANG_WARN_NON_LITERAL_NULL_CONVERSION = YES;
				CLANG_WARN_OBJC_IMPLICIT_RETAIN_SELF = YES;
				CLANG_WARN_OBJC_LITERAL_CONVERSION = YES;
				CLANG_WARN_OBJC_ROOT_CLASS = YES_ERROR;
				CLANG_WARN_QUOTED_INCLUDE_IN_FRAMEWORK_HEADER = YES;
				CLANG_WARN_RANGE_LOOP_ANALYSIS = YES;
				CLANG_WARN_STRICT_PROTOTYPES = YES;
				CLANG_WARN_SUSPICIOUS_MOVE = YES;
				CLANG_WARN_UNGUARDED_AVAILABILITY = YES_AGGRESSIVE;
				CLANG_WARN_UNREACHABLE_CODE = YES;
				CLANG_WARN__DUPLICATE_METHOD_MATCH = YES;
				COPY_PHASE_STRIP = NO;
				DEBUG_INFORMATION_FORMAT = dwarf;
				ENABLE_STRICT_OBJC_MSGSEND = YES;
				ENABLE_TESTABILITY = YES;
				GCC_C_LANGUAGE_STANDARD = gnu11;
				GCC_DYNAMIC_NO_PIC = NO;
				GCC_NO_COMMON_BLOCKS = YES;
				GCC_OPTIMIZATION_LEVEL = 0;
				GCC_PREPROCESSOR_DEFINITIONS = (
					"DEBUG=1",
					"$(inherited)",
				);
				GCC_WARN_64_TO_32_BIT_CONVERSION = YES;
				GCC_WARN_ABOUT_RETURN_TYPE = YES_ERROR;
				GCC_WARN_UNDECLARED_SELECTOR = YES;
				GCC_WARN_UNINITIALIZED_AUTOS = YES_AGGRESSIVE;
				GCC_WARN_UNUSED_FUNCTION = YES;
				GCC_WARN_UNUSED_VARIABLE = YES;
				IPHONEOS_DEPLOYMENT_TARGET = 16.2;
				MTL_ENABLE_DEBUG_INFO = INCLUDE_SOURCE;
				MTL_FAST_MATH = YES;
				ONLY_ACTIVE_ARCH = YES;
				SDKROOT = iphoneos;
				SWIFT_ACTIVE_COMPILATION_CONDITIONS = DEBUG;
				SWIFT_OPTIMIZATION_LEVEL = "-Onone";
			};
			name = Debug;
		};
		48100C772A71FFEF00DB8CE7 /* Release */ = {
			isa = XCBuildConfiguration;
			buildSettings = {
				ALWAYS_SEARCH_USER_PATHS = NO;
				CLANG_ANALYZER_NONNULL = YES;
				CLANG_ANALYZER_NUMBER_OBJECT_CONVERSION = YES_AGGRESSIVE;
				CLANG_CXX_LANGUAGE_STANDARD = "gnu++20";
				CLANG_ENABLE_MODULES = YES;
				CLANG_ENABLE_OBJC_ARC = YES;
				CLANG_ENABLE_OBJC_WEAK = YES;
				CLANG_WARN_BLOCK_CAPTURE_AUTORELEASING = YES;
				CLANG_WARN_BOOL_CONVERSION = YES;
				CLANG_WARN_COMMA = YES;
				CLANG_WARN_CONSTANT_CONVERSION = YES;
				CLANG_WARN_DEPRECATED_OBJC_IMPLEMENTATIONS = YES;
				CLANG_WARN_DIRECT_OBJC_ISA_USAGE = YES_ERROR;
				CLANG_WARN_DOCUMENTATION_COMMENTS = YES;
				CLANG_WARN_EMPTY_BODY = YES;
				CLANG_WARN_ENUM_CONVERSION = YES;
				CLANG_WARN_INFINITE_RECURSION = YES;
				CLANG_WARN_INT_CONVERSION = YES;
				CLANG_WARN_NON_LITERAL_NULL_CONVERSION = YES;
				CLANG_WARN_OBJC_IMPLICIT_RETAIN_SELF = YES;
				CLANG_WARN_OBJC_LITERAL_CONVERSION = YES;
				CLANG_WARN_OBJC_ROOT_CLASS = YES_ERROR;
				CLANG_WARN_QUOTED_INCLUDE_IN_FRAMEWORK_HEADER = YES;
				CLANG_WARN_RANGE_LOOP_ANALYSIS = YES;
				CLANG_WARN_STRICT_PROTOTYPES = YES;
				CLANG_WARN_SUSPICIOUS_MOVE = YES;
				CLANG_WARN_UNGUARDED_AVAILABILITY = YES_AGGRESSIVE;
				CLANG_WARN_UNREACHABLE_CODE = YES;
				CLANG_WARN__DUPLICATE_METHOD_MATCH = YES;
				COPY_PHASE_STRIP = NO;
				DEBUG_INFORMATION_FORMAT = "dwarf-with-dsym";
				ENABLE_NS_ASSERTIONS = NO;
				ENABLE_STRICT_OBJC_MSGSEND = YES;
				GCC_C_LANGUAGE_STANDARD = gnu11;
				GCC_NO_COMMON_BLOCKS = YES;
				GCC_WARN_64_TO_32_BIT_CONVERSION = YES;
				GCC_WARN_ABOUT_RETURN_TYPE = YES_ERROR;
				GCC_WARN_UNDECLARED_SELECTOR = YES;
				GCC_WARN_UNINITIALIZED_AUTOS = YES_AGGRESSIVE;
				GCC_WARN_UNUSED_FUNCTION = YES;
				GCC_WARN_UNUSED_VARIABLE = YES;
				IPHONEOS_DEPLOYMENT_TARGET = 16.2;
				MTL_ENABLE_DEBUG_INFO = NO;
				MTL_FAST_MATH = YES;
				SDKROOT = iphoneos;
				SWIFT_COMPILATION_MODE = wholemodule;
				SWIFT_OPTIMIZATION_LEVEL = "-O";
				VALIDATE_PRODUCT = YES;
			};
			name = Release;
		};
		48100C792A71FFEF00DB8CE7 /* Debug */ = {
			isa = XCBuildConfiguration;
			buildSettings = {
				ASSETCATALOG_COMPILER_APPICON_NAME = AppIcon;
				ASSETCATALOG_COMPILER_GLOBAL_ACCENT_COLOR_NAME = AccentColor;
				CODE_SIGN_STYLE = Automatic;
				CURRENT_PROJECT_VERSION = 1;
				DEVELOPMENT_TEAM = A8NKCBCXX2;
				GENERATE_INFOPLIST_FILE = YES;
				INFOPLIST_FILE = Week3/Info.plist;
				INFOPLIST_KEY_UIApplicationSupportsIndirectInputEvents = YES;
				INFOPLIST_KEY_UILaunchStoryboardName = LaunchScreen;
				INFOPLIST_KEY_UIMainStoryboardFile = Main;
				INFOPLIST_KEY_UISupportedInterfaceOrientations_iPad = "UIInterfaceOrientationPortrait UIInterfaceOrientationPortraitUpsideDown UIInterfaceOrientationLandscapeLeft UIInterfaceOrientationLandscapeRight";
				INFOPLIST_KEY_UISupportedInterfaceOrientations_iPhone = "UIInterfaceOrientationPortrait UIInterfaceOrientationLandscapeLeft UIInterfaceOrientationLandscapeRight";
				LD_RUNPATH_SEARCH_PATHS = (
					"$(inherited)",
					"@executable_path/Frameworks",
				);
				MARKETING_VERSION = 1.0;
				PRODUCT_BUNDLE_IDENTIFIER = com.sesac.Week3;
				PRODUCT_NAME = "$(TARGET_NAME)";
				SWIFT_EMIT_LOC_STRINGS = YES;
				SWIFT_VERSION = 5.0;
				TARGETED_DEVICE_FAMILY = "1,2";
			};
			name = Debug;
		};
		48100C7A2A71FFEF00DB8CE7 /* Release */ = {
			isa = XCBuildConfiguration;
			buildSettings = {
				ASSETCATALOG_COMPILER_APPICON_NAME = AppIcon;
				ASSETCATALOG_COMPILER_GLOBAL_ACCENT_COLOR_NAME = AccentColor;
				CODE_SIGN_STYLE = Automatic;
				CURRENT_PROJECT_VERSION = 1;
				DEVELOPMENT_TEAM = A8NKCBCXX2;
				GENERATE_INFOPLIST_FILE = YES;
				INFOPLIST_FILE = Week3/Info.plist;
				INFOPLIST_KEY_UIApplicationSupportsIndirectInputEvents = YES;
				INFOPLIST_KEY_UILaunchStoryboardName = LaunchScreen;
				INFOPLIST_KEY_UIMainStoryboardFile = Main;
				INFOPLIST_KEY_UISupportedInterfaceOrientations_iPad = "UIInterfaceOrientationPortrait UIInterfaceOrientationPortraitUpsideDown UIInterfaceOrientationLandscapeLeft UIInterfaceOrientationLandscapeRight";
				INFOPLIST_KEY_UISupportedInterfaceOrientations_iPhone = "UIInterfaceOrientationPortrait UIInterfaceOrientationLandscapeLeft UIInterfaceOrientationLandscapeRight";
				LD_RUNPATH_SEARCH_PATHS = (
					"$(inherited)",
					"@executable_path/Frameworks",
				);
				MARKETING_VERSION = 1.0;
				PRODUCT_BUNDLE_IDENTIFIER = com.sesac.Week3;
				PRODUCT_NAME = "$(TARGET_NAME)";
				SWIFT_EMIT_LOC_STRINGS = YES;
				SWIFT_VERSION = 5.0;
				TARGETED_DEVICE_FAMILY = "1,2";
			};
			name = Release;
		};
/* End XCBuildConfiguration section */

/* Begin XCConfigurationList section */
		48100C5F2A71FFEC00DB8CE7 /* Build configuration list for PBXProject "Week3" */ = {
			isa = XCConfigurationList;
			buildConfigurations = (
				48100C762A71FFEF00DB8CE7 /* Debug */,
				48100C772A71FFEF00DB8CE7 /* Release */,
			);
			defaultConfigurationIsVisible = 0;
			defaultConfigurationName = Release;
		};
		48100C782A71FFEF00DB8CE7 /* Build configuration list for PBXNativeTarget "Week3" */ = {
			isa = XCConfigurationList;
			buildConfigurations = (
				48100C792A71FFEF00DB8CE7 /* Debug */,
				48100C7A2A71FFEF00DB8CE7 /* Release */,
			);
			defaultConfigurationIsVisible = 0;
			defaultConfigurationName = Release;
		};
/* End XCConfigurationList section */
	};
	rootObject = 48100C5C2A71FFEC00DB8CE7 /* Project object */;
}
